// !$*UTF8*$!
{
	archiveVersion = 1;
	classes = {
	};
	objectVersion = 46;
	objects = {

/* Begin PBXBuildFile section */
		016E80B91C738EC400BD0EAE /* AppDelegate.m in Sources */ = {isa = PBXBuildFile; fileRef = 016E80B81C738EC400BD0EAE /* AppDelegate.m */; };
		016E80BC1C738EC400BD0EAE /* main.m in Sources */ = {isa = PBXBuildFile; fileRef = 016E80BB1C738EC400BD0EAE /* main.m */; };
		016E80BF1C738EC400BD0EAE /* ViewController.m in Sources */ = {isa = PBXBuildFile; fileRef = 016E80BE1C738EC400BD0EAE /* ViewController.m */; };
		016E80C11C738EC400BD0EAE /* Assets.xcassets in Resources */ = {isa = PBXBuildFile; fileRef = 016E80C01C738EC400BD0EAE /* Assets.xcassets */; };
		016E80C41C738EC400BD0EAE /* Main.storyboard in Resources */ = {isa = PBXBuildFile; fileRef = 016E80C21C738EC400BD0EAE /* Main.storyboard */; };
		016F1F781C794036002F2A1F /* SJURLSessionOperation.m in Sources */ = {isa = PBXBuildFile; fileRef = 016F1F771C794036002F2A1F /* SJURLSessionOperation.m */; };
		0202E41B87B6D1697C39A265 /* libPods-SJURLSessionOperation Demo.a in Frameworks */ = {isa = PBXBuildFile; fileRef = 92C91263EE8889EE9CBD2520 /* libPods-SJURLSessionOperation Demo.a */; };
/* End PBXBuildFile section */

/* Begin PBXFileReference section */
		016E80B41C738EC400BD0EAE /* SJURLSessionOperation Demo.app */ = {isa = PBXFileReference; explicitFileType = wrapper.application; includeInIndex = 0; path = "SJURLSessionOperation Demo.app"; sourceTree = BUILT_PRODUCTS_DIR; };
		016E80B71C738EC400BD0EAE /* AppDelegate.h */ = {isa = PBXFileReference; lastKnownFileType = sourcecode.c.h; path = AppDelegate.h; sourceTree = "<group>"; };
		016E80B81C738EC400BD0EAE /* AppDelegate.m */ = {isa = PBXFileReference; lastKnownFileType = sourcecode.c.objc; path = AppDelegate.m; sourceTree = "<group>"; };
		016E80BB1C738EC400BD0EAE /* main.m */ = {isa = PBXFileReference; lastKnownFileType = sourcecode.c.objc; path = main.m; sourceTree = "<group>"; };
		016E80BD1C738EC400BD0EAE /* ViewController.h */ = {isa = PBXFileReference; lastKnownFileType = sourcecode.c.h; path = ViewController.h; sourceTree = "<group>"; };
		016E80BE1C738EC400BD0EAE /* ViewController.m */ = {isa = PBXFileReference; lastKnownFileType = sourcecode.c.objc; path = ViewController.m; sourceTree = "<group>"; };
		016E80C01C738EC400BD0EAE /* Assets.xcassets */ = {isa = PBXFileReference; lastKnownFileType = folder.assetcatalog; path = Assets.xcassets; sourceTree = "<group>"; };
		016E80C31C738EC400BD0EAE /* Base */ = {isa = PBXFileReference; lastKnownFileType = file.storyboard; name = Base; path = Base.lproj/Main.storyboard; sourceTree = "<group>"; };
		016E80C51C738EC400BD0EAE /* Info.plist */ = {isa = PBXFileReference; lastKnownFileType = text.plist.xml; path = Info.plist; sourceTree = "<group>"; };
		016F1F761C794036002F2A1F /* SJURLSessionOperation.h */ = {isa = PBXFileReference; fileEncoding = 4; lastKnownFileType = sourcecode.c.h; path = SJURLSessionOperation.h; sourceTree = "<group>"; };
		016F1F771C794036002F2A1F /* SJURLSessionOperation.m */ = {isa = PBXFileReference; fileEncoding = 4; lastKnownFileType = sourcecode.c.objc; path = SJURLSessionOperation.m; sourceTree = "<group>"; };
		4E5A7A0FD0D2FCD337B47B83 /* Pods-SJURLSessionOperation Demo.debug.xcconfig */ = {isa = PBXFileReference; includeInIndex = 1; lastKnownFileType = text.xcconfig; name = "Pods-SJURLSessionOperation Demo.debug.xcconfig"; path = "Target Support Files/Pods-SJURLSessionOperation Demo/Pods-SJURLSessionOperation Demo.debug.xcconfig"; sourceTree = "<group>"; };
		90B0E5FE02A3B9DB0F5E4076 /* Pods-SJURLSessionOperation Demo.release.xcconfig */ = {isa = PBXFileReference; includeInIndex = 1; lastKnownFileType = text.xcconfig; name = "Pods-SJURLSessionOperation Demo.release.xcconfig"; path = "Target Support Files/Pods-SJURLSessionOperation Demo/Pods-SJURLSessionOperation Demo.release.xcconfig"; sourceTree = "<group>"; };
		92C91263EE8889EE9CBD2520 /* libPods-SJURLSessionOperation Demo.a */ = {isa = PBXFileReference; explicitFileType = archive.ar; includeInIndex = 0; path = "libPods-SJURLSessionOperation Demo.a"; sourceTree = BUILT_PRODUCTS_DIR; };
/* End PBXFileReference section */

/* Begin PBXFrameworksBuildPhase section */
		016E80B11C738EC400BD0EAE /* Frameworks */ = {
			isa = PBXFrameworksBuildPhase;
			buildActionMask = 2147483647;
			files = (
				0202E41B87B6D1697C39A265 /* libPods-SJURLSessionOperation Demo.a in Frameworks */,
			);
			runOnlyForDeploymentPostprocessing = 0;
		};
/* End PBXFrameworksBuildPhase section */

/* Begin PBXGroup section */
		001647306FA9EB336DDFD1A3 /* Frameworks */ = {
			isa = PBXGroup;
			children = (
				92C91263EE8889EE9CBD2520 /* libPods-SJURLSessionOperation Demo.a */,
			);
			name = Frameworks;
			sourceTree = "<group>";
		};
		016E80AB1C738EC400BD0EAE = {
			isa = PBXGroup;
			children = (
				016E80B61C738EC400BD0EAE /* SJURLSessionOperation Demo */,
				016E80B51C738EC400BD0EAE /* Products */,
				F3C9AF119D47CF9CBF542DA1 /* Pods */,
				001647306FA9EB336DDFD1A3 /* Frameworks */,
			);
			sourceTree = "<group>";
		};
		016E80B51C738EC400BD0EAE /* Products */ = {
			isa = PBXGroup;
			children = (
				016E80B41C738EC400BD0EAE /* SJURLSessionOperation Demo.app */,
			);
			name = Products;
			sourceTree = "<group>";
		};
		016E80B61C738EC400BD0EAE /* SJURLSessionOperation Demo */ = {
			isa = PBXGroup;
			children = (
				016F1F751C794036002F2A1F /* Source Files */,
				016E80B71C738EC400BD0EAE /* AppDelegate.h */,
				016E80B81C738EC400BD0EAE /* AppDelegate.m */,
				016E80BD1C738EC400BD0EAE /* ViewController.h */,
				016E80BE1C738EC400BD0EAE /* ViewController.m */,
				016E80C01C738EC400BD0EAE /* Assets.xcassets */,
				016E80C21C738EC400BD0EAE /* Main.storyboard */,
				016E80C51C738EC400BD0EAE /* Info.plist */,
				016E80BA1C738EC400BD0EAE /* Supporting Files */,
			);
			path = "SJURLSessionOperation Demo";
			sourceTree = "<group>";
		};
		016E80BA1C738EC400BD0EAE /* Supporting Files */ = {
			isa = PBXGroup;
			children = (
				016E80BB1C738EC400BD0EAE /* main.m */,
			);
			name = "Supporting Files";
			sourceTree = "<group>";
		};
		016F1F751C794036002F2A1F /* Source Files */ = {
			isa = PBXGroup;
			children = (
				016F1F761C794036002F2A1F /* SJURLSessionOperation.h */,
				016F1F771C794036002F2A1F /* SJURLSessionOperation.m */,
			);
			name = "Source Files";
			path = "../../Source Files";
			sourceTree = "<group>";
		};
		F3C9AF119D47CF9CBF542DA1 /* Pods */ = {
			isa = PBXGroup;
			children = (
				4E5A7A0FD0D2FCD337B47B83 /* Pods-SJURLSessionOperation Demo.debug.xcconfig */,
				90B0E5FE02A3B9DB0F5E4076 /* Pods-SJURLSessionOperation Demo.release.xcconfig */,
			);
			name = Pods;
			path = Pods;
			sourceTree = "<group>";
		};
/* End PBXGroup section */

/* Begin PBXNativeTarget section */
		016E80B31C738EC400BD0EAE /* SJURLSessionOperation Demo */ = {
			isa = PBXNativeTarget;
			buildConfigurationList = 016E80C81C738EC400BD0EAE /* Build configuration list for PBXNativeTarget "SJURLSessionOperation Demo" */;
			buildPhases = (
				418079443C6C86142B95FD82 /* [CP] Check Pods Manifest.lock */,
				016E80B01C738EC400BD0EAE /* Sources */,
				016E80B11C738EC400BD0EAE /* Frameworks */,
				016E80B21C738EC400BD0EAE /* Resources */,
			);
			buildRules = (
			);
			dependencies = (
			);
			name = "SJURLSessionOperation Demo";
			productName = "SJURLSessionOperation Demo";
			productReference = 016E80B41C738EC400BD0EAE /* SJURLSessionOperation Demo.app */;
			productType = "com.apple.product-type.application";
		};
/* End PBXNativeTarget section */

/* Begin PBXProject section */
		016E80AC1C738EC400BD0EAE /* Project object */ = {
			isa = PBXProject;
			attributes = {
				LastUpgradeCheck = 0720;
				ORGANIZATIONNAME = "Soneé John";
				TargetAttributes = {
					016E80B31C738EC400BD0EAE = {
						CreatedOnToolsVersion = 7.2.1;
					};
				};
			};
			buildConfigurationList = 016E80AF1C738EC400BD0EAE /* Build configuration list for PBXProject "SJURLSessionOperation Demo" */;
			compatibilityVersion = "Xcode 3.2";
			developmentRegion = English;
			hasScannedForEncodings = 0;
			knownRegions = (
				en,
				Base,
			);
			mainGroup = 016E80AB1C738EC400BD0EAE;
			productRefGroup = 016E80B51C738EC400BD0EAE /* Products */;
			projectDirPath = "";
			projectRoot = "";
			targets = (
				016E80B31C738EC400BD0EAE /* SJURLSessionOperation Demo */,
			);
		};
/* End PBXProject section */

/* Begin PBXResourcesBuildPhase section */
		016E80B21C738EC400BD0EAE /* Resources */ = {
			isa = PBXResourcesBuildPhase;
			buildActionMask = 2147483647;
			files = (
				016E80C11C738EC400BD0EAE /* Assets.xcassets in Resources */,
				016E80C41C738EC400BD0EAE /* Main.storyboard in Resources */,
			);
			runOnlyForDeploymentPostprocessing = 0;
		};
/* End PBXResourcesBuildPhase section */

/* Begin PBXShellScriptBuildPhase section */
		418079443C6C86142B95FD82 /* [CP] Check Pods Manifest.lock */ = {
			isa = PBXShellScriptBuildPhase;
			buildActionMask = 2147483647;
			files = (
			);
			inputFileListPaths = (
			);
			inputPaths = (
				"${PODS_PODFILE_DIR_PATH}/Podfile.lock",
				"${PODS_ROOT}/Manifest.lock",
			);
			name = "[CP] Check Pods Manifest.lock";
			outputFileListPaths = (
			);
			outputPaths = (
				"$(DERIVED_FILE_DIR)/Pods-SJURLSessionOperation Demo-checkManifestLockResult.txt",
			);
			runOnlyForDeploymentPostprocessing = 0;
			shellPath = /bin/sh;
			shellScript = "diff \"${PODS_PODFILE_DIR_PATH}/Podfile.lock\" \"${PODS_ROOT}/Manifest.lock\" > /dev/null\nif [ $? != 0 ] ; then\n    # print error to STDERR\n    echo \"error: The sandbox is not in sync with the Podfile.lock. Run 'pod install' or update your CocoaPods installation.\" >&2\n    exit 1\nfi\n# This output is used by Xcode 'outputs' to avoid re-running this script phase.\necho \"SUCCESS\" > \"${SCRIPT_OUTPUT_FILE_0}\"\n";
			showEnvVarsInLog = 0;
		};
/* End PBXShellScriptBuildPhase section */

/* Begin PBXSourcesBuildPhase section */
		016E80B01C738EC400BD0EAE /* Sources */ = {
			isa = PBXSourcesBuildPhase;
			buildActionMask = 2147483647;
			files = (
				016E80BF1C738EC400BD0EAE /* ViewController.m in Sources */,
				016E80BC1C738EC400BD0EAE /* main.m in Sources */,
				016E80B91C738EC400BD0EAE /* AppDelegate.m in Sources */,
				016F1F781C794036002F2A1F /* SJURLSessionOperation.m in Sources */,
			);
			runOnlyForDeploymentPostprocessing = 0;
		};
/* End PBXSourcesBuildPhase section */

/* Begin PBXVariantGroup section */
		016E80C21C738EC400BD0EAE /* Main.storyboard */ = {
			isa = PBXVariantGroup;
			children = (
				016E80C31C738EC400BD0EAE /* Base */,
			);
			name = Main.storyboard;
			sourceTree = "<group>";
		};
/* End PBXVariantGroup section */

/* Begin XCBuildConfiguration section */
		016E80C61C738EC400BD0EAE /* Debug */ = {
			isa = XCBuildConfiguration;
			buildSettings = {
				ALWAYS_SEARCH_USER_PATHS = NO;
				CLANG_CXX_LANGUAGE_STANDARD = "gnu++0x";
				CLANG_CXX_LIBRARY = "libc++";
				CLANG_ENABLE_MODULES = YES;
				CLANG_ENABLE_OBJC_ARC = YES;
				CLANG_WARN_BOOL_CONVERSION = YES;
				CLANG_WARN_CONSTANT_CONVERSION = YES;
				CLANG_WARN_DIRECT_OBJC_ISA_USAGE = YES_ERROR;
				CLANG_WARN_EMPTY_BODY = YES;
				CLANG_WARN_ENUM_CONVERSION = YES;
				CLANG_WARN_INT_CONVERSION = YES;
				CLANG_WARN_OBJC_ROOT_CLASS = YES_ERROR;
				CLANG_WARN_UNREACHABLE_CODE = YES;
				CLANG_WARN__DUPLICATE_METHOD_MATCH = YES;
				CODE_SIGN_IDENTITY = "-";
				COPY_PHASE_STRIP = NO;
				DEBUG_INFORMATION_FORMAT = dwarf;
				ENABLE_STRICT_OBJC_MSGSEND = YES;
				ENABLE_TESTABILITY = YES;
				GCC_C_LANGUAGE_STANDARD = gnu99;
				GCC_DYNAMIC_NO_PIC = NO;
				GCC_NO_COMMON_BLOCKS = YES;
				GCC_OPTIMIZATION_LEVEL = 0;
				GCC_PREPROCESSOR_DEFINITIONS = (
					"DEBUG=1",
					"$(inherited)",
				);
				GCC_WARN_64_TO_32_BIT_CONVERSION = YES;
				GCC_WARN_ABOUT_RETURN_TYPE = YES_ERROR;
				GCC_WARN_UNDECLARED_SELECTOR = YES;
				GCC_WARN_UNINITIALIZED_AUTOS = YES_AGGRESSIVE;
				GCC_WARN_UNUSED_FUNCTION = YES;
				GCC_WARN_UNUSED_VARIABLE = YES;
				MACOSX_DEPLOYMENT_TARGET = 10.11;
				MTL_ENABLE_DEBUG_INFO = YES;
				ONLY_ACTIVE_ARCH = YES;
				SDKROOT = macosx;
			};
			name = Debug;
		};
		016E80C71C738EC400BD0EAE /* Release */ = {
			isa = XCBuildConfiguration;
			buildSettings = {
				ALWAYS_SEARCH_USER_PATHS = NO;
				CLANG_CXX_LANGUAGE_STANDARD = "gnu++0x";
				CLANG_CXX_LIBRARY = "libc++";
				CLANG_ENABLE_MODULES = YES;
				CLANG_ENABLE_OBJC_ARC = YES;
				CLANG_WARN_BOOL_CONVERSION = YES;
				CLANG_WARN_CONSTANT_CONVERSION = YES;
				CLANG_WARN_DIRECT_OBJC_ISA_USAGE = YES_ERROR;
				CLANG_WARN_EMPTY_BODY = YES;
				CLANG_WARN_ENUM_CONVERSION = YES;
				CLANG_WARN_INT_CONVERSION = YES;
				CLANG_WARN_OBJC_ROOT_CLASS = YES_ERROR;
				CLANG_WARN_UNREACHABLE_CODE = YES;
				CLANG_WARN__DUPLICATE_METHOD_MATCH = YES;
				CODE_SIGN_IDENTITY = "-";
				COPY_PHASE_STRIP = NO;
				DEBUG_INFORMATION_FORMAT = "dwarf-with-dsym";
				ENABLE_NS_ASSERTIONS = NO;
				ENABLE_STRICT_OBJC_MSGSEND = YES;
				GCC_C_LANGUAGE_STANDARD = gnu99;
				GCC_NO_COMMON_BLOCKS = YES;
				GCC_WARN_64_TO_32_BIT_CONVERSION = YES;
				GCC_WARN_ABOUT_RETURN_TYPE = YES_ERROR;
				GCC_WARN_UNDECLARED_SELECTOR = YES;
				GCC_WARN_UNINITIALIZED_AUTOS = YES_AGGRESSIVE;
				GCC_WARN_UNUSED_FUNCTION = YES;
				GCC_WARN_UNUSED_VARIABLE = YES;
				MACOSX_DEPLOYMENT_TARGET = 10.11;
				MTL_ENABLE_DEBUG_INFO = NO;
				SDKROOT = macosx;
			};
			name = Release;
		};
		016E80C91C738EC400BD0EAE /* Debug */ = {
			isa = XCBuildConfiguration;
			baseConfigurationReference = 4E5A7A0FD0D2FCD337B47B83 /* Pods-SJURLSessionOperation Demo.debug.xcconfig */;
			buildSettings = {
				ASSETCATALOG_COMPILER_APPICON_NAME = AppIcon;
				COMBINE_HIDPI_IMAGES = YES;
				INFOPLIST_FILE = "SJURLSessionOperation Demo/Info.plist";
				LD_RUNPATH_SEARCH_PATHS = "$(inherited) @executable_path/../Frameworks";
				PRODUCT_BUNDLE_IDENTIFIER = "com.AlphaSoft.SJURLSessionOperation-Demo";
				PRODUCT_NAME = "$(TARGET_NAME)";
			};
			name = Debug;
		};
		016E80CA1C738EC400BD0EAE /* Release */ = {
			isa = XCBuildConfiguration;
			baseConfigurationReference = 90B0E5FE02A3B9DB0F5E4076 /* Pods-SJURLSessionOperation Demo.release.xcconfig */;
			buildSettings = {
				ASSETCATALOG_COMPILER_APPICON_NAME = AppIcon;
				COMBINE_HIDPI_IMAGES = YES;
				INFOPLIST_FILE = "SJURLSessionOperation Demo/Info.plist";
				LD_RUNPATH_SEARCH_PATHS = "$(inherited) @executable_path/../Frameworks";
				PRODUCT_BUNDLE_IDENTIFIER = "com.AlphaSoft.SJURLSessionOperation-Demo";
				PRODUCT_NAME = "$(TARGET_NAME)";
			};
			name = Release;
		};
/* End XCBuildConfiguration section */

/* Begin XCConfigurationList section */
		016E80AF1C738EC400BD0EAE /* Build configuration list for PBXProject "SJURLSessionOperation Demo" */ = {
			isa = XCConfigurationList;
			buildConfigurations = (
				016E80C61C738EC400BD0EAE /* Debug */,
				016E80C71C738EC400BD0EAE /* Release */,
			);
			defaultConfigurationIsVisible = 0;
			defaultConfigurationName = Release;
		};
		016E80C81C738EC400BD0EAE /* Build configuration list for PBXNativeTarget "SJURLSessionOperation Demo" */ = {
			isa = XCConfigurationList;
			buildConfigurations = (
				016E80C91C738EC400BD0EAE /* Debug */,
				016E80CA1C738EC400BD0EAE /* Release */,
			);
			defaultConfigurationIsVisible = 0;
			defaultConfigurationName = Release;
		};
/* End XCConfigurationList section */
	};
	rootObject = 016E80AC1C738EC400BD0EAE /* Project object */;
}
